
Microsoft Visual Studio Solution File, Format Version 12.00
# Visual Studio Version 17
VisualStudioVersion = 17.7.34031.279
MinimumVisualStudioVersion = 10.0.40219.1
Project("{9A19103F-16F7-4668-BE54-9A1E7A4F7556}") = "WebApiAutores", "WebApiAutores.csproj", "{AE8BAA51-C8A9-4B60-ADCB-F4CEE700FBCE}"
EndProject
Global
	GlobalSection(SolutionConfigurationPlatforms) = preSolution
		Debug|Any CPU = Debug|Any CPU
		Release|Any CPU = Release|Any CPU
	EndGlobalSection
	GlobalSection(ProjectConfigurationPlatforms) = postSolution
		{AE8BAA51-C8A9-4B60-ADCB-F4CEE700FBCE}.Debug|Any CPU.ActiveCfg = Debug|Any CPU
		{AE8BAA51-C8A9-4B60-ADCB-F4CEE700FBCE}.Debug|Any CPU.Build.0 = Debug|Any CPU
		{AE8BAA51-C8A9-4B60-ADCB-F4CEE700FBCE}.Release|Any CPU.ActiveCfg = Release|Any CPU
		{AE8BAA51-C8A9-4B60-ADCB-F4CEE700FBCE}.Release|Any CPU.Build.0 = Release|Any CPU
	EndGlobalSection
	GlobalSection(SolutionProperties) = preSolution
		HideSolutionNode = FALSE
	EndGlobalSection
	GlobalSection(ExtensibilityGlobals) = postSolution
		SolutionGuid = {9385A056-DE98-439E-82BC-6ED888CEFD31}
	EndGlobalSection
EndGlobal
